
Microsoft Visual Studio Solution File, Format Version 12.00
# Visual Studio Version 17
VisualStudioVersion = 17.4.33122.133
MinimumVisualStudioVersion = 10.0.40219.1
Project("{FAE04EC0-301F-11D3-BF4B-00C04F79EFBC}") = "ATM-App", "ATM-App\ATM-App.csproj", "{935EE416-87C7-46C9-970A-D6CC0E3CF500}"
EndProject
Global
	GlobalSection(SolutionConfigurationPlatforms) = preSolution
		Debug|Any CPU = Debug|Any CPU
		Release|Any CPU = Release|Any CPU
	EndGlobalSection
	GlobalSection(ProjectConfigurationPlatforms) = postSolution
		{935EE416-87C7-46C9-970A-D6CC0E3CF500}.Debug|Any CPU.ActiveCfg = Debug|Any CPU
		{935EE416-87C7-46C9-970A-D6CC0E3CF500}.Debug|Any CPU.Build.0 = Debug|Any CPU
		{935EE416-87C7-46C9-970A-D6CC0E3CF500}.Release|Any CPU.ActiveCfg = Release|Any CPU
		{935EE416-87C7-46C9-970A-D6CC0E3CF500}.Release|Any CPU.Build.0 = Release|Any CPU
	EndGlobalSection
	GlobalSection(SolutionProperties) = preSolution
		HideSolutionNode = FALSE
	EndGlobalSection
	GlobalSection(ExtensibilityGlobals) = postSolution
		SolutionGuid = {209338A6-24E7-4341-8309-F700FA726A61}
	EndGlobalSection
EndGlobal
